
Microsoft Visual Studio Solution File, Format Version 12.00
# Visual Studio Version 16
VisualStudioVersion = 16.0.31129.286
MinimumVisualStudioVersion = 10.0.40219.1
Project("{FAE04EC0-301F-11D3-BF4B-00C04F79EFBC}") = "task5", "task5\task5.csproj", "{94F657FC-F384-48BC-928D-B0408E119E3A}"
EndProject
Global
	GlobalSection(SolutionConfigurationPlatforms) = preSolution
		Debug|Any CPU = Debug|Any CPU
		Release|Any CPU = Release|Any CPU
	EndGlobalSection
	GlobalSection(ProjectConfigurationPlatforms) = postSolution
		{94F657FC-F384-48BC-928D-B0408E119E3A}.Debug|Any CPU.ActiveCfg = Debug|Any CPU
		{94F657FC-F384-48BC-928D-B0408E119E3A}.Debug|Any CPU.Build.0 = Debug|Any CPU
		{94F657FC-F384-48BC-928D-B0408E119E3A}.Release|Any CPU.ActiveCfg = Release|Any CPU
		{94F657FC-F384-48BC-928D-B0408E119E3A}.Release|Any CPU.Build.0 = Release|Any CPU
	EndGlobalSection
	GlobalSection(SolutionProperties) = preSolution
		HideSolutionNode = FALSE
	EndGlobalSection
	GlobalSection(ExtensibilityGlobals) = postSolution
		SolutionGuid = {BA68BC64-1385-4FEB-A431-891BDE7C6EE4}
	EndGlobalSection
EndGlobal
