
Microsoft Visual Studio Solution File, Format Version 12.00
# Visual Studio Version 16
VisualStudioVersion = 16.0.31129.286
MinimumVisualStudioVersion = 10.0.40219.1
Project("{FAE04EC0-301F-11D3-BF4B-00C04F79EFBC}") = "task8", "task8\task8.csproj", "{FBA72182-2358-4D01-B9DB-B13717BCD7A9}"
EndProject
Global
	GlobalSection(SolutionConfigurationPlatforms) = preSolution
		Debug|Any CPU = Debug|Any CPU
		Release|Any CPU = Release|Any CPU
	EndGlobalSection
	GlobalSection(ProjectConfigurationPlatforms) = postSolution
		{FBA72182-2358-4D01-B9DB-B13717BCD7A9}.Debug|Any CPU.ActiveCfg = Debug|Any CPU
		{FBA72182-2358-4D01-B9DB-B13717BCD7A9}.Debug|Any CPU.Build.0 = Debug|Any CPU
		{FBA72182-2358-4D01-B9DB-B13717BCD7A9}.Release|Any CPU.ActiveCfg = Release|Any CPU
		{FBA72182-2358-4D01-B9DB-B13717BCD7A9}.Release|Any CPU.Build.0 = Release|Any CPU
	EndGlobalSection
	GlobalSection(SolutionProperties) = preSolution
		HideSolutionNode = FALSE
	EndGlobalSection
	GlobalSection(ExtensibilityGlobals) = postSolution
		SolutionGuid = {0E6651B4-BEFA-4EF1-8404-53F67875ECE9}
	EndGlobalSection
EndGlobal
