
Microsoft Visual Studio Solution File, Format Version 12.00
# Visual Studio Version 16
VisualStudioVersion = 16.0.31129.286
MinimumVisualStudioVersion = 10.0.40219.1
Project("{FAE04EC0-301F-11D3-BF4B-00C04F79EFBC}") = "task9", "task9\task9.csproj", "{45E31AE1-C178-465B-89CC-0D19FAC379C2}"
EndProject
Global
	GlobalSection(SolutionConfigurationPlatforms) = preSolution
		Debug|Any CPU = Debug|Any CPU
		Release|Any CPU = Release|Any CPU
	EndGlobalSection
	GlobalSection(ProjectConfigurationPlatforms) = postSolution
		{45E31AE1-C178-465B-89CC-0D19FAC379C2}.Debug|Any CPU.ActiveCfg = Debug|Any CPU
		{45E31AE1-C178-465B-89CC-0D19FAC379C2}.Debug|Any CPU.Build.0 = Debug|Any CPU
		{45E31AE1-C178-465B-89CC-0D19FAC379C2}.Release|Any CPU.ActiveCfg = Release|Any CPU
		{45E31AE1-C178-465B-89CC-0D19FAC379C2}.Release|Any CPU.Build.0 = Release|Any CPU
	EndGlobalSection
	GlobalSection(SolutionProperties) = preSolution
		HideSolutionNode = FALSE
	EndGlobalSection
	GlobalSection(ExtensibilityGlobals) = postSolution
		SolutionGuid = {AA8B903D-87E0-43AB-8B43-EBA1F37F2A91}
	EndGlobalSection
EndGlobal
