
Microsoft Visual Studio Solution File, Format Version 12.00
# Visual Studio Version 16
VisualStudioVersion = 16.0.31129.286
MinimumVisualStudioVersion = 10.0.40219.1
Project("{FAE04EC0-301F-11D3-BF4B-00C04F79EFBC}") = "task7", "task7\task7.csproj", "{BC16BD82-529C-4821-8575-23E4523A0BF1}"
EndProject
Global
	GlobalSection(SolutionConfigurationPlatforms) = preSolution
		Debug|Any CPU = Debug|Any CPU
		Release|Any CPU = Release|Any CPU
	EndGlobalSection
	GlobalSection(ProjectConfigurationPlatforms) = postSolution
		{BC16BD82-529C-4821-8575-23E4523A0BF1}.Debug|Any CPU.ActiveCfg = Debug|Any CPU
		{BC16BD82-529C-4821-8575-23E4523A0BF1}.Debug|Any CPU.Build.0 = Debug|Any CPU
		{BC16BD82-529C-4821-8575-23E4523A0BF1}.Release|Any CPU.ActiveCfg = Release|Any CPU
		{BC16BD82-529C-4821-8575-23E4523A0BF1}.Release|Any CPU.Build.0 = Release|Any CPU
	EndGlobalSection
	GlobalSection(SolutionProperties) = preSolution
		HideSolutionNode = FALSE
	EndGlobalSection
	GlobalSection(ExtensibilityGlobals) = postSolution
		SolutionGuid = {09911A4C-8EE3-4B4D-A92F-41405D6D7CD3}
	EndGlobalSection
EndGlobal
